
Microsoft Visual Studio Solution File, Format Version 12.00
# Visual Studio Version 16
VisualStudioVersion = 16.0.31424.327
MinimumVisualStudioVersion = 10.0.40219.1
Project("{8BC9CEB8-8B4A-11D0-8D11-00A0C91BC942}") = "twojastara-vip", "twojastara-vip.vcxproj", "{D0EBB8D9-0228-429A-BB09-FC36BC4C351F}"
EndProject
Global
	GlobalSection(SolutionConfigurationPlatforms) = preSolution
		Debug|x64 = Debug|x64
		Debug|x86 = Debug|x86
		Release|x64 = Release|x64
		Release|x86 = Release|x86
	EndGlobalSection
	GlobalSection(ProjectConfigurationPlatforms) = postSolution
		{D0EBB8D9-0228-429A-BB09-FC36BC4C351F}.Debug|x64.ActiveCfg = Debug|x64
		{D0EBB8D9-0228-429A-BB09-FC36BC4C351F}.Debug|x64.Build.0 = Debug|x64
		{D0EBB8D9-0228-429A-BB09-FC36BC4C351F}.Debug|x86.ActiveCfg = Debug|Win32
		{D0EBB8D9-0228-429A-BB09-FC36BC4C351F}.Debug|x86.Build.0 = Debug|Win32
		{D0EBB8D9-0228-429A-BB09-FC36BC4C351F}.Release|x64.ActiveCfg = Release|x64
		{D0EBB8D9-0228-429A-BB09-FC36BC4C351F}.Release|x64.Build.0 = Release|x64
		{D0EBB8D9-0228-429A-BB09-FC36BC4C351F}.Release|x86.ActiveCfg = Release|Win32
		{D0EBB8D9-0228-429A-BB09-FC36BC4C351F}.Release|x86.Build.0 = Release|Win32
	EndGlobalSection
	GlobalSection(SolutionProperties) = preSolution
		HideSolutionNode = FALSE
	EndGlobalSection
	GlobalSection(ExtensibilityGlobals) = postSolution
		SolutionGuid = {A868005B-7BCB-4EA7-932A-F9CA02FDCC6D}
	EndGlobalSection
EndGlobal
